// !$*UTF8*$!
{
	archiveVersion = 1;
	classes = {
	};
	objectVersion = 46;
	objects = {

/* Begin PBXBuildFile section */
		8129528C1E60D08A0048199B /* AppDelegate.swift in Sources */ = {isa = PBXBuildFile; fileRef = 8129528B1E60D08A0048199B /* AppDelegate.swift */; };
		812952931E60D08A0048199B /* Assets.xcassets in Resources */ = {isa = PBXBuildFile; fileRef = 812952921E60D08A0048199B /* Assets.xcassets */; };
		812952961E60D08A0048199B /* LaunchScreen.storyboard in Resources */ = {isa = PBXBuildFile; fileRef = 812952941E60D08A0048199B /* LaunchScreen.storyboard */; };
		816446081E6478E500477FBD /* Cloud Manager.swift in Sources */ = {isa = PBXBuildFile; fileRef = 816446071E6478E500477FBD /* Cloud Manager.swift */; };
		8164460C1E65FA2600477FBD /* WanderPost.swift in Sources */ = {isa = PBXBuildFile; fileRef = 8164460B1E65FA2600477FBD /* WanderPost.swift */; };
		8164460E1E65FB0800477FBD /* Reaction.swift in Sources */ = {isa = PBXBuildFile; fileRef = 8164460D1E65FB0800477FBD /* Reaction.swift */; };
		81C2A0D41E60D5F800F43791 /* CloudKit.framework in Frameworks */ = {isa = PBXBuildFile; fileRef = 81C2A0D31E60D5F800F43791 /* CloudKit.framework */; };
		A70DF45C1E63DED4000C6421 /* NotificationViewController.swift in Sources */ = {isa = PBXBuildFile; fileRef = A70DF45B1E63DED4000C6421 /* NotificationViewController.swift */; };
		A70DF45E1E648684000C6421 /* MapViewController.swift in Sources */ = {isa = PBXBuildFile; fileRef = A70DF45D1E648684000C6421 /* MapViewController.swift */; };
		A7686F7E1E65F26000402053 /* ProfileViewController.swift in Sources */ = {isa = PBXBuildFile; fileRef = A7686F7D1E65F26000402053 /* ProfileViewController.swift */; };
		A7686F801E65F34700402053 /* CameraViewController.swift in Sources */ = {isa = PBXBuildFile; fileRef = A7686F7F1E65F34700402053 /* CameraViewController.swift */; };
		A7686F821E66017800402053 /* PostViewController.swift in Sources */ = {isa = PBXBuildFile; fileRef = A7686F811E66017800402053 /* PostViewController.swift */; };
		A7686F841E67317000402053 /* ProfileViewViewControllerDetailPostTableViewCell.swift in Sources */ = {isa = PBXBuildFile; fileRef = A7686F831E67317000402053 /* ProfileViewViewControllerDetailPostTableViewCell.swift */; };
		A7686F861E67626E00402053 /* ProfileView.swift in Sources */ = {isa = PBXBuildFile; fileRef = A7686F851E67626E00402053 /* ProfileView.swift */; };
		B3A5BEA345293452482AA7C6 /* Pods_Wandr.framework in Frameworks */ = {isa = PBXBuildFile; fileRef = BCC9871A55E4171FE8F709F1 /* Pods_Wandr.framework */; };
		DE8BF0BE1E64CE0F007D2486 /* StyleManager.swift in Sources */ = {isa = PBXBuildFile; fileRef = DE8BF0BD1E64CE0F007D2486 /* StyleManager.swift */; };
		DE8BF0C21E65FB5F007D2486 /* Comfortaa-Bold.ttf in Resources */ = {isa = PBXBuildFile; fileRef = DE8BF0BF1E65FB5F007D2486 /* Comfortaa-Bold.ttf */; };
		DE8BF0C31E65FB5F007D2486 /* Comfortaa-Light.ttf in Resources */ = {isa = PBXBuildFile; fileRef = DE8BF0C01E65FB5F007D2486 /* Comfortaa-Light.ttf */; };
		DE8BF0C41E65FB5F007D2486 /* Comfortaa-Regular.ttf in Resources */ = {isa = PBXBuildFile; fileRef = DE8BF0C11E65FB5F007D2486 /* Comfortaa-Regular.ttf */; };
		DEA80B2E1E685D1D001E0747 /* AnnotationView.swift in Sources */ = {isa = PBXBuildFile; fileRef = DEA80B281E685D1D001E0747 /* AnnotationView.swift */; };
		DEA80B2F1E685D1D001E0747 /* ARAnnotation.swift in Sources */ = {isa = PBXBuildFile; fileRef = DEA80B291E685D1D001E0747 /* ARAnnotation.swift */; };
		DEA80B301E685D1D001E0747 /* ARAnnotationView.swift in Sources */ = {isa = PBXBuildFile; fileRef = DEA80B2A1E685D1D001E0747 /* ARAnnotationView.swift */; };
		DEA80B311E685D1D001E0747 /* ARConfiguration.swift in Sources */ = {isa = PBXBuildFile; fileRef = DEA80B2B1E685D1D001E0747 /* ARConfiguration.swift */; };
		DEA80B321E685D1D001E0747 /* ARTrackingManager.swift in Sources */ = {isa = PBXBuildFile; fileRef = DEA80B2C1E685D1D001E0747 /* ARTrackingManager.swift */; };
		DEA80B331E685D1D001E0747 /* ARViewController.swift in Sources */ = {isa = PBXBuildFile; fileRef = DEA80B2D1E685D1D001E0747 /* ARViewController.swift */; };
		DEA80B351E6863C0001E0747 /* DebugMapViewController.swift in Sources */ = {isa = PBXBuildFile; fileRef = DEA80B341E6863C0001E0747 /* DebugMapViewController.swift */; };
		DEA80B3B1E686F58001E0747 /* DebugMapViewController.xib in Resources */ = {isa = PBXBuildFile; fileRef = DEA80B371E686F58001E0747 /* DebugMapViewController.xib */; };
		DEA80B3C1E686F58001E0747 /* hdar_close.png in Resources */ = {isa = PBXBuildFile; fileRef = DEA80B381E686F58001E0747 /* hdar_close.png */; };
		DEA80B3D1E686F58001E0747 /* hdar_close@2x.png in Resources */ = {isa = PBXBuildFile; fileRef = DEA80B391E686F58001E0747 /* hdar_close@2x.png */; };
		DEA80B3E1E686F58001E0747 /* hdar_close@3x.png in Resources */ = {isa = PBXBuildFile; fileRef = DEA80B3A1E686F58001E0747 /* hdar_close@3x.png */; };
/* End PBXBuildFile section */

/* Begin PBXFileReference section */
		3D9E66C9055426FC27EC6EDE /* Pods-Wandr.debug.xcconfig */ = {isa = PBXFileReference; includeInIndex = 1; lastKnownFileType = text.xcconfig; name = "Pods-Wandr.debug.xcconfig"; path = "Pods/Target Support Files/Pods-Wandr/Pods-Wandr.debug.xcconfig"; sourceTree = "<group>"; };
		812952881E60D08A0048199B /* Wandr.app */ = {isa = PBXFileReference; explicitFileType = wrapper.application; includeInIndex = 0; path = Wandr.app; sourceTree = BUILT_PRODUCTS_DIR; };
		8129528B1E60D08A0048199B /* AppDelegate.swift */ = {isa = PBXFileReference; lastKnownFileType = sourcecode.swift; path = AppDelegate.swift; sourceTree = "<group>"; };
		812952921E60D08A0048199B /* Assets.xcassets */ = {isa = PBXFileReference; lastKnownFileType = folder.assetcatalog; path = Assets.xcassets; sourceTree = "<group>"; };
		812952951E60D08A0048199B /* Base */ = {isa = PBXFileReference; lastKnownFileType = file.storyboard; name = Base; path = Base.lproj/LaunchScreen.storyboard; sourceTree = "<group>"; };
		812952971E60D08A0048199B /* Info.plist */ = {isa = PBXFileReference; lastKnownFileType = text.plist.xml; path = Info.plist; sourceTree = "<group>"; };
		816446071E6478E500477FBD /* Cloud Manager.swift */ = {isa = PBXFileReference; fileEncoding = 4; lastKnownFileType = sourcecode.swift; path = "Cloud Manager.swift"; sourceTree = "<group>"; };
		8164460B1E65FA2600477FBD /* WanderPost.swift */ = {isa = PBXFileReference; fileEncoding = 4; lastKnownFileType = sourcecode.swift; path = WanderPost.swift; sourceTree = "<group>"; };
		8164460D1E65FB0800477FBD /* Reaction.swift */ = {isa = PBXFileReference; fileEncoding = 4; lastKnownFileType = sourcecode.swift; path = Reaction.swift; sourceTree = "<group>"; };
		81C2A0D21E60D5EC00F43791 /* Wandr.entitlements */ = {isa = PBXFileReference; lastKnownFileType = text.plist.entitlements; path = Wandr.entitlements; sourceTree = "<group>"; };
		81C2A0D31E60D5F800F43791 /* CloudKit.framework */ = {isa = PBXFileReference; lastKnownFileType = wrapper.framework; name = CloudKit.framework; path = System/Library/Frameworks/CloudKit.framework; sourceTree = SDKROOT; };
		A70DF45B1E63DED4000C6421 /* NotificationViewController.swift */ = {isa = PBXFileReference; fileEncoding = 4; lastKnownFileType = sourcecode.swift; name = NotificationViewController.swift; path = "View Controllers/NotificationViewController.swift"; sourceTree = "<group>"; };
		A70DF45D1E648684000C6421 /* MapViewController.swift */ = {isa = PBXFileReference; fileEncoding = 4; lastKnownFileType = sourcecode.swift; name = MapViewController.swift; path = "View Controllers/MapViewController.swift"; sourceTree = "<group>"; };
		A7686F7D1E65F26000402053 /* ProfileViewController.swift */ = {isa = PBXFileReference; fileEncoding = 4; lastKnownFileType = sourcecode.swift; name = ProfileViewController.swift; path = "View Controllers/ProfileViewController.swift"; sourceTree = "<group>"; };
		A7686F7F1E65F34700402053 /* CameraViewController.swift */ = {isa = PBXFileReference; fileEncoding = 4; lastKnownFileType = sourcecode.swift; name = CameraViewController.swift; path = "View Controllers/CameraViewController.swift"; sourceTree = "<group>"; };
		A7686F811E66017800402053 /* PostViewController.swift */ = {isa = PBXFileReference; fileEncoding = 4; lastKnownFileType = sourcecode.swift; name = PostViewController.swift; path = "View Controllers/PostViewController.swift"; sourceTree = "<group>"; };
		A7686F831E67317000402053 /* ProfileViewViewControllerDetailPostTableViewCell.swift */ = {isa = PBXFileReference; fileEncoding = 4; lastKnownFileType = sourcecode.swift; name = ProfileViewViewControllerDetailPostTableViewCell.swift; path = Views/ProfileViewViewControllerDetailPostTableViewCell.swift; sourceTree = "<group>"; };
		A7686F851E67626E00402053 /* ProfileView.swift */ = {isa = PBXFileReference; fileEncoding = 4; lastKnownFileType = sourcecode.swift; name = ProfileView.swift; path = Views/ProfileView.swift; sourceTree = "<group>"; };
		BCC9871A55E4171FE8F709F1 /* Pods_Wandr.framework */ = {isa = PBXFileReference; explicitFileType = wrapper.framework; includeInIndex = 0; path = Pods_Wandr.framework; sourceTree = BUILT_PRODUCTS_DIR; };
		DE8BF0BD1E64CE0F007D2486 /* StyleManager.swift */ = {isa = PBXFileReference; fileEncoding = 4; lastKnownFileType = sourcecode.swift; path = StyleManager.swift; sourceTree = "<group>"; };
		DE8BF0BF1E65FB5F007D2486 /* Comfortaa-Bold.ttf */ = {isa = PBXFileReference; lastKnownFileType = file; path = "Comfortaa-Bold.ttf"; sourceTree = "<group>"; };
		DE8BF0C01E65FB5F007D2486 /* Comfortaa-Light.ttf */ = {isa = PBXFileReference; lastKnownFileType = file; path = "Comfortaa-Light.ttf"; sourceTree = "<group>"; };
		DE8BF0C11E65FB5F007D2486 /* Comfortaa-Regular.ttf */ = {isa = PBXFileReference; lastKnownFileType = file; path = "Comfortaa-Regular.ttf"; sourceTree = "<group>"; };
		DEA80B281E685D1D001E0747 /* AnnotationView.swift */ = {isa = PBXFileReference; fileEncoding = 4; lastKnownFileType = sourcecode.swift; path = AnnotationView.swift; sourceTree = "<group>"; };
		DEA80B291E685D1D001E0747 /* ARAnnotation.swift */ = {isa = PBXFileReference; fileEncoding = 4; lastKnownFileType = sourcecode.swift; path = ARAnnotation.swift; sourceTree = "<group>"; };
		DEA80B2A1E685D1D001E0747 /* ARAnnotationView.swift */ = {isa = PBXFileReference; fileEncoding = 4; lastKnownFileType = sourcecode.swift; path = ARAnnotationView.swift; sourceTree = "<group>"; };
		DEA80B2B1E685D1D001E0747 /* ARConfiguration.swift */ = {isa = PBXFileReference; fileEncoding = 4; lastKnownFileType = sourcecode.swift; path = ARConfiguration.swift; sourceTree = "<group>"; };
		DEA80B2C1E685D1D001E0747 /* ARTrackingManager.swift */ = {isa = PBXFileReference; fileEncoding = 4; lastKnownFileType = sourcecode.swift; path = ARTrackingManager.swift; sourceTree = "<group>"; };
		DEA80B2D1E685D1D001E0747 /* ARViewController.swift */ = {isa = PBXFileReference; fileEncoding = 4; lastKnownFileType = sourcecode.swift; path = ARViewController.swift; sourceTree = "<group>"; };
		DEA80B341E6863C0001E0747 /* DebugMapViewController.swift */ = {isa = PBXFileReference; fileEncoding = 4; lastKnownFileType = sourcecode.swift; path = DebugMapViewController.swift; sourceTree = "<group>"; };
		DEA80B371E686F58001E0747 /* DebugMapViewController.xib */ = {isa = PBXFileReference; fileEncoding = 4; lastKnownFileType = file.xib; path = DebugMapViewController.xib; sourceTree = "<group>"; };
		DEA80B381E686F58001E0747 /* hdar_close.png */ = {isa = PBXFileReference; lastKnownFileType = image.png; path = hdar_close.png; sourceTree = "<group>"; };
		DEA80B391E686F58001E0747 /* hdar_close@2x.png */ = {isa = PBXFileReference; lastKnownFileType = image.png; path = "hdar_close@2x.png"; sourceTree = "<group>"; };
		DEA80B3A1E686F58001E0747 /* hdar_close@3x.png */ = {isa = PBXFileReference; lastKnownFileType = image.png; path = "hdar_close@3x.png"; sourceTree = "<group>"; };
		FA665083DA1D2023A5EF795E /* Pods-Wandr.release.xcconfig */ = {isa = PBXFileReference; includeInIndex = 1; lastKnownFileType = text.xcconfig; name = "Pods-Wandr.release.xcconfig"; path = "Pods/Target Support Files/Pods-Wandr/Pods-Wandr.release.xcconfig"; sourceTree = "<group>"; };
/* End PBXFileReference section */

/* Begin PBXFrameworksBuildPhase section */
		812952851E60D08A0048199B /* Frameworks */ = {
			isa = PBXFrameworksBuildPhase;
			buildActionMask = 2147483647;
			files = (
				81C2A0D41E60D5F800F43791 /* CloudKit.framework in Frameworks */,
				B3A5BEA345293452482AA7C6 /* Pods_Wandr.framework in Frameworks */,
			);
			runOnlyForDeploymentPostprocessing = 0;
		};
/* End PBXFrameworksBuildPhase section */

/* Begin PBXGroup section */
		8129527F1E60D08A0048199B = {
			isa = PBXGroup;
			children = (
				8129528A1E60D08A0048199B /* Wandr */,
				812952891E60D08A0048199B /* Products */,
				8129529E1E60D0CF0048199B /* Frameworks */,
				D563DB2966CE8FA61F2854C9 /* Pods */,
			);
			sourceTree = "<group>";
		};
		812952891E60D08A0048199B /* Products */ = {
			isa = PBXGroup;
			children = (
				812952881E60D08A0048199B /* Wandr.app */,
			);
			name = Products;
			sourceTree = "<group>";
		};
		8129528A1E60D08A0048199B /* Wandr */ = {
			isa = PBXGroup;
			children = (
				DEA80B271E685CDD001E0747 /* Augmented Reality */,
				8171C3DB1E60DF68000C6DC5 /* Views */,
				8171C3DA1E60DF61000C6DC5 /* Managers */,
				8171C3D91E60DF5B000C6DC5 /* View Controllers */,
				8171C3D81E60DF54000C6DC5 /* Models */,
				8171C3D71E60DF37000C6DC5 /* Supporting Files */,
				812952941E60D08A0048199B /* LaunchScreen.storyboard */,
			);
			path = Wandr;
			sourceTree = "<group>";
		};
		8129529E1E60D0CF0048199B /* Frameworks */ = {
			isa = PBXGroup;
			children = (
				81C2A0D31E60D5F800F43791 /* CloudKit.framework */,
				BCC9871A55E4171FE8F709F1 /* Pods_Wandr.framework */,
			);
			name = Frameworks;
			sourceTree = "<group>";
		};
		8171C3D71E60DF37000C6DC5 /* Supporting Files */ = {
			isa = PBXGroup;
			children = (
				DEA80B361E686F3E001E0747 /* Resources */,
				DE8BF0C51E65FB70007D2486 /* Fonts */,
				81C2A0D21E60D5EC00F43791 /* Wandr.entitlements */,
				8129528B1E60D08A0048199B /* AppDelegate.swift */,
				812952921E60D08A0048199B /* Assets.xcassets */,
				812952971E60D08A0048199B /* Info.plist */,
			);
			name = "Supporting Files";
			sourceTree = "<group>";
		};
		8171C3D81E60DF54000C6DC5 /* Models */ = {
			isa = PBXGroup;
			children = (
				8164460B1E65FA2600477FBD /* WanderPost.swift */,
				8164460D1E65FB0800477FBD /* Reaction.swift */,
			);
			name = Models;
			sourceTree = "<group>";
		};
		8171C3D91E60DF5B000C6DC5 /* View Controllers */ = {
			isa = PBXGroup;
			children = (
				A7686F7D1E65F26000402053 /* ProfileViewController.swift */,
				A70DF45D1E648684000C6421 /* MapViewController.swift */,
				A7686F7F1E65F34700402053 /* CameraViewController.swift */,
				A7686F811E66017800402053 /* PostViewController.swift */,
				A70DF45B1E63DED4000C6421 /* NotificationViewController.swift */,
			);
			name = "View Controllers";
			sourceTree = "<group>";
		};
		8171C3DA1E60DF61000C6DC5 /* Managers */ = {
			isa = PBXGroup;
			children = (
				DE8BF0BD1E64CE0F007D2486 /* StyleManager.swift */,
				816446071E6478E500477FBD /* Cloud Manager.swift */,
			);
			name = Managers;
			sourceTree = "<group>";
		};
		8171C3DB1E60DF68000C6DC5 /* Views */ = {
			isa = PBXGroup;
			children = (
				A7686F831E67317000402053 /* ProfileViewViewControllerDetailPostTableViewCell.swift */,
				A7686F851E67626E00402053 /* ProfileView.swift */,
			);
			name = Views;
			sourceTree = "<group>";
		};
		D563DB2966CE8FA61F2854C9 /* Pods */ = {
			isa = PBXGroup;
			children = (
				3D9E66C9055426FC27EC6EDE /* Pods-Wandr.debug.xcconfig */,
				FA665083DA1D2023A5EF795E /* Pods-Wandr.release.xcconfig */,
			);
			name = Pods;
			sourceTree = "<group>";
		};
		DE8BF0C51E65FB70007D2486 /* Fonts */ = {
			isa = PBXGroup;
			children = (
				DE8BF0BF1E65FB5F007D2486 /* Comfortaa-Bold.ttf */,
				DE8BF0C01E65FB5F007D2486 /* Comfortaa-Light.ttf */,
				DE8BF0C11E65FB5F007D2486 /* Comfortaa-Regular.ttf */,
			);
			name = Fonts;
			sourceTree = "<group>";
		};
		DEA80B271E685CDD001E0747 /* Augmented Reality */ = {
			isa = PBXGroup;
			children = (
				DEA80B341E6863C0001E0747 /* DebugMapViewController.swift */,
				DEA80B281E685D1D001E0747 /* AnnotationView.swift */,
				DEA80B291E685D1D001E0747 /* ARAnnotation.swift */,
				DEA80B2A1E685D1D001E0747 /* ARAnnotationView.swift */,
				DEA80B2B1E685D1D001E0747 /* ARConfiguration.swift */,
				DEA80B2C1E685D1D001E0747 /* ARTrackingManager.swift */,
				DEA80B2D1E685D1D001E0747 /* ARViewController.swift */,
			);
			name = "Augmented Reality";
			sourceTree = "<group>";
		};
		DEA80B361E686F3E001E0747 /* Resources */ = {
			isa = PBXGroup;
			children = (
				DEA80B371E686F58001E0747 /* DebugMapViewController.xib */,
				DEA80B381E686F58001E0747 /* hdar_close.png */,
				DEA80B391E686F58001E0747 /* hdar_close@2x.png */,
				DEA80B3A1E686F58001E0747 /* hdar_close@3x.png */,
			);
			name = Resources;
			sourceTree = "<group>";
		};
/* End PBXGroup section */

/* Begin PBXNativeTarget section */
		812952871E60D08A0048199B /* Wandr */ = {
			isa = PBXNativeTarget;
			buildConfigurationList = 8129529A1E60D08A0048199B /* Build configuration list for PBXNativeTarget "Wandr" */;
			buildPhases = (
				CE40633910760B56BC7320E4 /* [CP] Check Pods Manifest.lock */,
				812952841E60D08A0048199B /* Sources */,
				812952851E60D08A0048199B /* Frameworks */,
				812952861E60D08A0048199B /* Resources */,
				D2CE392358CA0C1B8069D30B /* [CP] Embed Pods Frameworks */,
				F1C938A0B524E5A8E5FBE4CF /* [CP] Copy Pods Resources */,
			);
			buildRules = (
			);
			dependencies = (
			);
			name = Wandr;
			productName = Wandr;
			productReference = 812952881E60D08A0048199B /* Wandr.app */;
			productType = "com.apple.product-type.application";
		};
/* End PBXNativeTarget section */

/* Begin PBXProject section */
		812952801E60D08A0048199B /* Project object */ = {
			isa = PBXProject;
			attributes = {
				LastSwiftUpdateCheck = 0820;
				LastUpgradeCheck = 0820;
				ORGANIZATIONNAME = C4Q;
				TargetAttributes = {
					812952871E60D08A0048199B = {
						CreatedOnToolsVersion = 8.2.1;
						DevelopmentTeam = 26RHXP32FH;
						ProvisioningStyle = Manual;
						SystemCapabilities = {
							com.apple.BackgroundModes = {
								enabled = 1;
							};
							com.apple.Push = {
								enabled = 1;
							};
							com.apple.iCloud = {
								enabled = 1;
							};
						};
					};
				};
			};
			buildConfigurationList = 812952831E60D08A0048199B /* Build configuration list for PBXProject "Wandr" */;
			compatibilityVersion = "Xcode 3.2";
			developmentRegion = English;
			hasScannedForEncodings = 0;
			knownRegions = (
				en,
				Base,
			);
			mainGroup = 8129527F1E60D08A0048199B;
			productRefGroup = 812952891E60D08A0048199B /* Products */;
			projectDirPath = "";
			projectRoot = "";
			targets = (
				812952871E60D08A0048199B /* Wandr */,
			);
		};
/* End PBXProject section */

/* Begin PBXResourcesBuildPhase section */
		812952861E60D08A0048199B /* Resources */ = {
			isa = PBXResourcesBuildPhase;
			buildActionMask = 2147483647;
			files = (
				DE8BF0C31E65FB5F007D2486 /* Comfortaa-Light.ttf in Resources */,
				812952961E60D08A0048199B /* LaunchScreen.storyboard in Resources */,
				DEA80B3D1E686F58001E0747 /* hdar_close@2x.png in Resources */,
				812952931E60D08A0048199B /* Assets.xcassets in Resources */,
				DE8BF0C41E65FB5F007D2486 /* Comfortaa-Regular.ttf in Resources */,
				DE8BF0C21E65FB5F007D2486 /* Comfortaa-Bold.ttf in Resources */,
				DEA80B3C1E686F58001E0747 /* hdar_close.png in Resources */,
				DEA80B3E1E686F58001E0747 /* hdar_close@3x.png in Resources */,
				DEA80B3B1E686F58001E0747 /* DebugMapViewController.xib in Resources */,
			);
			runOnlyForDeploymentPostprocessing = 0;
		};
/* End PBXResourcesBuildPhase section */

/* Begin PBXShellScriptBuildPhase section */
		CE40633910760B56BC7320E4 /* [CP] Check Pods Manifest.lock */ = {
			isa = PBXShellScriptBuildPhase;
			buildActionMask = 2147483647;
			files = (
			);
			inputPaths = (
			);
			name = "[CP] Check Pods Manifest.lock";
			outputPaths = (
			);
			runOnlyForDeploymentPostprocessing = 0;
			shellPath = /bin/sh;
			shellScript = "diff \"${PODS_ROOT}/../Podfile.lock\" \"${PODS_ROOT}/Manifest.lock\" > /dev/null\nif [ $? != 0 ] ; then\n    # print error to STDERR\n    echo \"error: The sandbox is not in sync with the Podfile.lock. Run 'pod install' or update your CocoaPods installation.\" >&2\n    exit 1\nfi\n";
			showEnvVarsInLog = 0;
		};
		D2CE392358CA0C1B8069D30B /* [CP] Embed Pods Frameworks */ = {
			isa = PBXShellScriptBuildPhase;
			buildActionMask = 2147483647;
			files = (
			);
			inputPaths = (
			);
			name = "[CP] Embed Pods Frameworks";
			outputPaths = (
			);
			runOnlyForDeploymentPostprocessing = 0;
			shellPath = /bin/sh;
			shellScript = "\"${SRCROOT}/Pods/Target Support Files/Pods-Wandr/Pods-Wandr-frameworks.sh\"\n";
			showEnvVarsInLog = 0;
		};
		F1C938A0B524E5A8E5FBE4CF /* [CP] Copy Pods Resources */ = {
			isa = PBXShellScriptBuildPhase;
			buildActionMask = 2147483647;
			files = (
			);
			inputPaths = (
			);
			name = "[CP] Copy Pods Resources";
			outputPaths = (
			);
			runOnlyForDeploymentPostprocessing = 0;
			shellPath = /bin/sh;
			shellScript = "\"${SRCROOT}/Pods/Target Support Files/Pods-Wandr/Pods-Wandr-resources.sh\"\n";
			showEnvVarsInLog = 0;
		};
/* End PBXShellScriptBuildPhase section */

/* Begin PBXSourcesBuildPhase section */
		812952841E60D08A0048199B /* Sources */ = {
			isa = PBXSourcesBuildPhase;
			buildActionMask = 2147483647;
			files = (
				816446081E6478E500477FBD /* Cloud Manager.swift in Sources */,
				DEA80B321E685D1D001E0747 /* ARTrackingManager.swift in Sources */,
				DEA80B2F1E685D1D001E0747 /* ARAnnotation.swift in Sources */,
				DEA80B331E685D1D001E0747 /* ARViewController.swift in Sources */,
				DE8BF0BE1E64CE0F007D2486 /* StyleManager.swift in Sources */,
				A70DF45C1E63DED4000C6421 /* NotificationViewController.swift in Sources */,
				DEA80B301E685D1D001E0747 /* ARAnnotationView.swift in Sources */,
				8164460C1E65FA2600477FBD /* WanderPost.swift in Sources */,
				A7686F861E67626E00402053 /* ProfileView.swift in Sources */,
				A7686F821E66017800402053 /* PostViewController.swift in Sources */,
				DEA80B2E1E685D1D001E0747 /* AnnotationView.swift in Sources */,
				A7686F7E1E65F26000402053 /* ProfileViewController.swift in Sources */,
				A70DF45E1E648684000C6421 /* MapViewController.swift in Sources */,
				DEA80B311E685D1D001E0747 /* ARConfiguration.swift in Sources */,
				DEA80B351E6863C0001E0747 /* DebugMapViewController.swift in Sources */,
				8164460E1E65FB0800477FBD /* Reaction.swift in Sources */,
				A7686F841E67317000402053 /* ProfileViewViewControllerDetailPostTableViewCell.swift in Sources */,
				8129528C1E60D08A0048199B /* AppDelegate.swift in Sources */,
				A7686F801E65F34700402053 /* CameraViewController.swift in Sources */,
			);
			runOnlyForDeploymentPostprocessing = 0;
		};
/* End PBXSourcesBuildPhase section */

/* Begin PBXVariantGroup section */
		812952941E60D08A0048199B /* LaunchScreen.storyboard */ = {
			isa = PBXVariantGroup;
			children = (
				812952951E60D08A0048199B /* Base */,
			);
			name = LaunchScreen.storyboard;
			sourceTree = "<group>";
		};
/* End PBXVariantGroup section */

/* Begin XCBuildConfiguration section */
		812952981E60D08A0048199B /* Debug */ = {
			isa = XCBuildConfiguration;
			buildSettings = {
				ALWAYS_SEARCH_USER_PATHS = NO;
				CLANG_ANALYZER_NONNULL = YES;
				CLANG_CXX_LANGUAGE_STANDARD = "gnu++0x";
				CLANG_CXX_LIBRARY = "libc++";
				CLANG_ENABLE_MODULES = YES;
				CLANG_ENABLE_OBJC_ARC = YES;
				CLANG_WARN_BOOL_CONVERSION = YES;
				CLANG_WARN_CONSTANT_CONVERSION = YES;
				CLANG_WARN_DIRECT_OBJC_ISA_USAGE = YES_ERROR;
				CLANG_WARN_DOCUMENTATION_COMMENTS = YES;
				CLANG_WARN_EMPTY_BODY = YES;
				CLANG_WARN_ENUM_CONVERSION = YES;
				CLANG_WARN_INFINITE_RECURSION = YES;
				CLANG_WARN_INT_CONVERSION = YES;
				CLANG_WARN_OBJC_ROOT_CLASS = YES_ERROR;
				CLANG_WARN_SUSPICIOUS_MOVE = YES;
				CLANG_WARN_UNREACHABLE_CODE = YES;
				CLANG_WARN__DUPLICATE_METHOD_MATCH = YES;
				CODE_SIGN_IDENTITY = "Apple Development IOS Push Services: nyc.c4q.badfish.Wandr";
				"CODE_SIGN_IDENTITY[sdk=iphoneos*]" = "Apple Development IOS Push Services: nyc.c4q.badfish.Wandr";
				COPY_PHASE_STRIP = NO;
				DEBUG_INFORMATION_FORMAT = dwarf;
				ENABLE_STRICT_OBJC_MSGSEND = YES;
				ENABLE_TESTABILITY = YES;
				GCC_C_LANGUAGE_STANDARD = gnu99;
				GCC_DYNAMIC_NO_PIC = NO;
				GCC_NO_COMMON_BLOCKS = YES;
				GCC_OPTIMIZATION_LEVEL = 0;
				GCC_PREPROCESSOR_DEFINITIONS = (
					"DEBUG=1",
					"$(inherited)",
				);
				GCC_WARN_64_TO_32_BIT_CONVERSION = YES;
				GCC_WARN_ABOUT_RETURN_TYPE = YES_ERROR;
				GCC_WARN_UNDECLARED_SELECTOR = YES;
				GCC_WARN_UNINITIALIZED_AUTOS = YES_AGGRESSIVE;
				GCC_WARN_UNUSED_FUNCTION = YES;
				GCC_WARN_UNUSED_VARIABLE = YES;
				IPHONEOS_DEPLOYMENT_TARGET = 10.2;
				MTL_ENABLE_DEBUG_INFO = YES;
				ONLY_ACTIVE_ARCH = YES;
				PROVISIONING_PROFILE_SPECIFIER = "";
				SDKROOT = iphoneos;
				SWIFT_ACTIVE_COMPILATION_CONDITIONS = DEBUG;
				SWIFT_OPTIMIZATION_LEVEL = "-Onone";
				TARGETED_DEVICE_FAMILY = "1,2";
			};
			name = Debug;
		};
		812952991E60D08A0048199B /* Release */ = {
			isa = XCBuildConfiguration;
			buildSettings = {
				ALWAYS_SEARCH_USER_PATHS = NO;
				CLANG_ANALYZER_NONNULL = YES;
				CLANG_CXX_LANGUAGE_STANDARD = "gnu++0x";
				CLANG_CXX_LIBRARY = "libc++";
				CLANG_ENABLE_MODULES = YES;
				CLANG_ENABLE_OBJC_ARC = YES;
				CLANG_WARN_BOOL_CONVERSION = YES;
				CLANG_WARN_CONSTANT_CONVERSION = YES;
				CLANG_WARN_DIRECT_OBJC_ISA_USAGE = YES_ERROR;
				CLANG_WARN_DOCUMENTATION_COMMENTS = YES;
				CLANG_WARN_EMPTY_BODY = YES;
				CLANG_WARN_ENUM_CONVERSION = YES;
				CLANG_WARN_INFINITE_RECURSION = YES;
				CLANG_WARN_INT_CONVERSION = YES;
				CLANG_WARN_OBJC_ROOT_CLASS = YES_ERROR;
				CLANG_WARN_SUSPICIOUS_MOVE = YES;
				CLANG_WARN_UNREACHABLE_CODE = YES;
				CLANG_WARN__DUPLICATE_METHOD_MATCH = YES;
				CODE_SIGN_IDENTITY = "Apple Development IOS Push Services: nyc.c4q.badfish.Wandr";
				"CODE_SIGN_IDENTITY[sdk=iphoneos*]" = "Apple Development IOS Push Services: nyc.c4q.badfish.Wandr";
				COPY_PHASE_STRIP = NO;
				DEBUG_INFORMATION_FORMAT = "dwarf-with-dsym";
				ENABLE_NS_ASSERTIONS = NO;
				ENABLE_STRICT_OBJC_MSGSEND = YES;
				GCC_C_LANGUAGE_STANDARD = gnu99;
				GCC_NO_COMMON_BLOCKS = YES;
				GCC_WARN_64_TO_32_BIT_CONVERSION = YES;
				GCC_WARN_ABOUT_RETURN_TYPE = YES_ERROR;
				GCC_WARN_UNDECLARED_SELECTOR = YES;
				GCC_WARN_UNINITIALIZED_AUTOS = YES_AGGRESSIVE;
				GCC_WARN_UNUSED_FUNCTION = YES;
				GCC_WARN_UNUSED_VARIABLE = YES;
				IPHONEOS_DEPLOYMENT_TARGET = 10.2;
				MTL_ENABLE_DEBUG_INFO = NO;
				PROVISIONING_PROFILE_SPECIFIER = "";
				SDKROOT = iphoneos;
				SWIFT_OPTIMIZATION_LEVEL = "-Owholemodule";
				TARGETED_DEVICE_FAMILY = "1,2";
				VALIDATE_PRODUCT = YES;
			};
			name = Release;
		};
		8129529B1E60D08A0048199B /* Debug */ = {
			isa = XCBuildConfiguration;
			baseConfigurationReference = 3D9E66C9055426FC27EC6EDE /* Pods-Wandr.debug.xcconfig */;
			buildSettings = {
				ASSETCATALOG_COMPILER_APPICON_NAME = AppIcon;
				CODE_SIGN_ENTITLEMENTS = Wandr/Wandr.entitlements;
				CODE_SIGN_IDENTITY = "Apple Development IOS Push Services: nyc.c4q.badfish.Wandr";
				"CODE_SIGN_IDENTITY[sdk=iphoneos*]" = "iPhone Developer";
				DEVELOPMENT_TEAM = 26RHXP32FH;
				INFOPLIST_FILE = Wandr/Info.plist;
				IPHONEOS_DEPLOYMENT_TARGET = 10.2;
				LD_RUNPATH_SEARCH_PATHS = "$(inherited) @executable_path/Frameworks";
				PRODUCT_BUNDLE_IDENTIFIER = nyc.c4q.badfish.Wandr;
				PRODUCT_NAME = "$(TARGET_NAME)";
				PROVISIONING_PROFILE = "bcdd0f93-beb3-4f09-9384-91bfbbbd2157";
				PROVISIONING_PROFILE_SPECIFIER = "Wandr Dev Profile";
				SWIFT_VERSION = 3.0;
			};
			name = Debug;
		};
		8129529C1E60D08A0048199B /* Release */ = {
			isa = XCBuildConfiguration;
			baseConfigurationReference = FA665083DA1D2023A5EF795E /* Pods-Wandr.release.xcconfig */;
			buildSettings = {
				ASSETCATALOG_COMPILER_APPICON_NAME = AppIcon;
				CODE_SIGN_ENTITLEMENTS = Wandr/Wandr.entitlements;
				"CODE_SIGN_IDENTITY[sdk=iphoneos*]" = "iPhone Developer";
				DEVELOPMENT_TEAM = 26RHXP32FH;
				INFOPLIST_FILE = Wandr/Info.plist;
				IPHONEOS_DEPLOYMENT_TARGET = 10.2;
				LD_RUNPATH_SEARCH_PATHS = "$(inherited) @executable_path/Frameworks";
				PRODUCT_BUNDLE_IDENTIFIER = nyc.c4q.badfish.Wandr;
				PRODUCT_NAME = "$(TARGET_NAME)";
				PROVISIONING_PROFILE = "bcdd0f93-beb3-4f09-9384-91bfbbbd2157";
				PROVISIONING_PROFILE_SPECIFIER = "Wandr Dev Profile";
				SWIFT_VERSION = 3.0;
			};
			name = Release;
		};
/* End XCBuildConfiguration section */

/* Begin XCConfigurationList section */
		812952831E60D08A0048199B /* Build configuration list for PBXProject "Wandr" */ = {
			isa = XCConfigurationList;
			buildConfigurations = (
				812952981E60D08A0048199B /* Debug */,
				812952991E60D08A0048199B /* Release */,
			);
			defaultConfigurationIsVisible = 0;
			defaultConfigurationName = Release;
		};
		8129529A1E60D08A0048199B /* Build configuration list for PBXNativeTarget "Wandr" */ = {
			isa = XCConfigurationList;
			buildConfigurations = (
				8129529B1E60D08A0048199B /* Debug */,
				8129529C1E60D08A0048199B /* Release */,
			);
			defaultConfigurationIsVisible = 0;
			defaultConfigurationName = Release;
		};
/* End XCConfigurationList section */
	};
	rootObject = 812952801E60D08A0048199B /* Project object */;
}
